{"filter":false,"title":"package-lock.json","tooltip":"/conFusionServer/package-lock.json","undoManager":{"mark":-1,"position":-1,"stack":[]},"ace":{"folds":[],"scrolltop":8993.40625,"scrollleft":0,"selection":{"start":{"row":650,"column":9},"end":{"row":650,"column":13},"isBackwards":false},"options":{"guessTabSize":true,"useWrapMode":false,"wrapToView":true},"firstLineState":0},"timestamp":1541001112404,"hash":"c548355c162d5c460dc6d2edcaab6023959cc860"}